lockfileVersion: '9.0'

settings:
  autoInstallPeers: true
  excludeLinksFromLockfile: false

importers:

  .:
    dependencies:
      '@datune/core':
        specifier: file:../core/dist
        version: file:../core/dist
      '@datune/utils':
        specifier: file:../utils/dist
        version: file:../utils/dist

packages:

  '@datune/core@file:../core/dist':
    resolution: {directory: ../core/dist, type: directory}

  '@datune/utils@file:../utils/dist':
    resolution: {directory: ../utils/dist, type: directory}

  immutable@5.0.3:
    resolution: {integrity: sha512-P8IdPQHq3lA1xVeBRi5VPqUm5HDgKnx0Ru51wZz5mjxHr5n3RWhjIpOFU7ybkUxfB+5IToy+OLaHYDBIWsv+uw==}

  ts-treemap@1.1.0:
    resolution: {integrity: sha512-0rWi12x7Y3vLG0bsgPZxeb/GClCcK0JE2L3O00VUhhxP8z+5rVBtUyeCdHcIUl8bEANdCT/D5bjKMW+CnfUZlw==}

snapshots:

  '@datune/core@file:../core/dist':
    dependencies:
      '@datune/utils': file:../utils/dist
      immutable: 5.0.3

  '@datune/utils@file:../utils/dist':
    dependencies:
      ts-treemap: 1.1.0

  immutable@5.0.3: {}

  ts-treemap@1.1.0: {}
