lockfileVersion: '9.0'

settings:
  autoInstallPeers: true
  excludeLinksFromLockfile: false

importers:

  .:
    dependencies:
      hashids:
        specifier: 2.2.10
        version: 2.2.10
      ts-treemap:
        specifier: 1.1.0
        version: 1.1.0

packages:

  hashids@2.2.10:
    resolution: {integrity: sha512-nXnYums7F8B5Y+GSThutLPlKMaamW1yjWNZVt0WModiJfdjaDZHnhYTWblS+h1OoBx3yjwiBwxldPP3nIbFSSA==}

  ts-treemap@1.1.0:
    resolution: {integrity: sha512-0rWi12x7Y3vLG0bsgPZxeb/GClCcK0JE2L3O00VUhhxP8z+5rVBtUyeCdHcIUl8bEANdCT/D5bjKMW+CnfUZlw==}

snapshots:

  hashids@2.2.10: {}

  ts-treemap@1.1.0: {}
